
Microsoft Visual Studio Solution File, Format Version 12.00
# Visual Studio Version 18
VisualStudioVersion = 18.4.11605.240 stable
MinimumVisualStudioVersion = 10.0.40219.1
Project("{FAE04EC0-301F-11D3-BF4B-00C04F79EFBC}") = "BarsukovLab6", "BarsukovLab6\BarsukovLab6.csproj", "{CC2BF3A2-A8A1-4B8E-B231-78499977CF99}"
EndProject
Project("{FAE04EC0-301F-11D3-BF4B-00C04F79EFBC}") = "zadanie2", "zadanie2\zadanie2.csproj", "{7DBA22D9-FA73-4A4B-B433-006BD8EA0196}"
EndProject
Project("{FAE04EC0-301F-11D3-BF4B-00C04F79EFBC}") = "zadanie3", "zadanie3\zadanie3.csproj", "{55A723BF-0637-46FC-835F-5F5210B0E719}"
EndProject
Project("{FAE04EC0-301F-11D3-BF4B-00C04F79EFBC}") = "Task4", "Task4\Task4.csproj", "{A1793B01-73A4-4830-AE33-7AE81585D453}"
EndProject
Project("{FAE04EC0-301F-11D3-BF4B-00C04F79EFBC}") = "zadanie5", "zadanie5\zadanie5.csproj", "{558EA8B9-89F5-424B-BB7A-DBF2E5C7EF02}"
EndProject
Project("{FAE04EC0-301F-11D3-BF4B-00C04F79EFBC}") = "zadanie5.2", "zadanie5.2\zadanie5.2.csproj", "{FA4DDBE1-C90A-4855-BBCF-C872A4A3E117}"
EndProject
Project("{FAE04EC0-301F-11D3-BF4B-00C04F79EFBC}") = "zadanie5.3", "zadanie5.3\zadanie5.3.csproj", "{35C5F514-A61B-4631-8AE6-BE033F74FFE5}"
EndProject
Project("{FAE04EC0-301F-11D3-BF4B-00C04F79EFBC}") = "zadanie5.4", "zadanie5.4\zadanie5.4.csproj", "{50579540-7FA8-4654-AAC1-93EA8AC7B859}"
EndProject
Project("{FAE04EC0-301F-11D3-BF4B-00C04F79EFBC}") = "zadanie5.5", "zadanie5.5\zadanie5.5.csproj", "{3484678B-DDE2-478E-A33C-6F0674ED7E42}"
EndProject
Project("{FAE04EC0-301F-11D3-BF4B-00C04F79EFBC}") = "zadanie5.6", "zadanie5.6\zadanie5.6.csproj", "{87FC6FC1-2591-4BCA-AAB7-09085CE4A3DC}"
EndProject
Project("{FAE04EC0-301F-11D3-BF4B-00C04F79EFBC}") = "zadanie5.7", "zadanie5.7\zadanie5.7.csproj", "{F931D159-D174-4260-86C7-7B1C44EE678B}"
EndProject
Project("{FAE04EC0-301F-11D3-BF4B-00C04F79EFBC}") = "zadanie5.8", "zadanie5.8\zadanie5.8.csproj", "{19ED60FF-1778-46FE-8456-EC0D5BF5EC4B}"
EndProject
Project("{FAE04EC0-301F-11D3-BF4B-00C04F79EFBC}") = "zadanie5.9", "zadanie5.9\zadanie5.9.csproj", "{633C3FA6-C6FA-4028-AD30-E5A41ACEC85F}"
EndProject
Project("{FAE04EC0-301F-11D3-BF4B-00C04F79EFBC}") = "zadanie5.10", "zadanie5.10\zadanie5.10.csproj", "{2AB7775E-A2FA-4D82-B139-D53FB2983EC9}"
EndProject
Project("{FAE04EC0-301F-11D3-BF4B-00C04F79EFBC}") = "zadanie5.11", "zadanie5.11\zadanie5.11.csproj", "{237F460B-2654-4A4A-94F2-6C5CF79C42E8}"
EndProject
Project("{FAE04EC0-301F-11D3-BF4B-00C04F79EFBC}") = "zadanie5.12", "zadanie5.12\zadanie5.12.csproj", "{223769F1-0B49-44A5-AEEE-3248CC204856}"
EndProject
Project("{FAE04EC0-301F-11D3-BF4B-00C04F79EFBC}") = "zadanie5.13", "zadanie5.13\zadanie5.13.csproj", "{28D9C4E6-239F-46B6-A3D0-E7439EE719FC}"
EndProject
Project("{FAE04EC0-301F-11D3-BF4B-00C04F79EFBC}") = "zadanie5.14", "zadanie5.14\zadanie5.14.csproj", "{FDFD1149-1235-448A-BB29-9544C57D1F4D}"
EndProject
Project("{FAE04EC0-301F-11D3-BF4B-00C04F79EFBC}") = "zadanie5.15", "zadanie5.15\zadanie5.15.csproj", "{7522C82B-D266-4186-8E3B-CC1CDD3AC4F6}"
EndProject
Project("{FAE04EC0-301F-11D3-BF4B-00C04F79EFBC}") = "zadani6", "zadani6\zadani6.csproj", "{DB7605AC-ED83-4E03-8425-99CCD9C01012}"
EndProject
Project("{FAE04EC0-301F-11D3-BF4B-00C04F79EFBC}") = "zadanie7", "zadanie7\zadanie7.csproj", "{F2CDA4C2-7C0A-44A0-8B4C-BFAF5E263EB3}"
EndProject
Project("{FAE04EC0-301F-11D3-BF4B-00C04F79EFBC}") = "zadanie8", "zadanie8\zadanie8.csproj", "{EBFE382F-66BD-4E9D-9ECB-A402B62B2CF8}"
EndProject
Project("{FAE04EC0-301F-11D3-BF4B-00C04F79EFBC}") = "zadanie8.2", "zadanie8.2\zadanie8.2.csproj", "{003072E0-CE69-4AE4-A06F-306145A8599A}"
EndProject
Project("{FAE04EC0-301F-11D3-BF4B-00C04F79EFBC}") = "zadanie8.3", "zadanie8.3\zadanie8.3.csproj", "{B56C967F-02A9-4784-AE41-6A1FEFCE376C}"
EndProject
Project("{FAE04EC0-301F-11D3-BF4B-00C04F79EFBC}") = "zadanie9", "zadanie9\zadanie9.csproj", "{DE518FEE-4312-44CE-A6C7-5E8D0630C3EE}"
EndProject
Project("{FAE04EC0-301F-11D3-BF4B-00C04F79EFBC}") = "zadanie10", "zadanie10\zadanie10.csproj", "{7345FC02-B00D-4765-BFA5-5C47044D2219}"
EndProject
Project("{FAE04EC0-301F-11D3-BF4B-00C04F79EFBC}") = "zadanie11", "zadanie11\zadanie11.csproj", "{CE8F3EC8-F442-4150-AAE6-8A1E41EF0971}"
EndProject
Project("{FAE04EC0-301F-11D3-BF4B-00C04F79EFBC}") = "zadanie12", "zadanie12\zadanie12.csproj", "{3F05AA9E-BAF5-41FA-A421-7A49773B10C9}"
EndProject
Project("{FAE04EC0-301F-11D3-BF4B-00C04F79EFBC}") = "zadanie13", "zadanie13\zadanie13.csproj", "{DD6A165B-A00F-4724-A05B-8A9BC0CA18F8}"
EndProject
Project("{FAE04EC0-301F-11D3-BF4B-00C04F79EFBC}") = "zadanie14", "zadanie14\zadanie14.csproj", "{672E7AFA-3CDB-4857-8E47-F2BDCDA445E2}"
EndProject
Project("{FAE04EC0-301F-11D3-BF4B-00C04F79EFBC}") = "zadanie15", "zadanie15\zadanie15.csproj", "{C59DA6B9-3D08-4488-9175-87CB87916178}"
EndProject
Project("{FAE04EC0-301F-11D3-BF4B-00C04F79EFBC}") = "zadanie16", "zadanie16\zadanie16.csproj", "{5C218AF4-422F-4957-A858-9380F44B8F25}"
EndProject
Project("{FAE04EC0-301F-11D3-BF4B-00C04F79EFBC}") = "zadanie17", "zadanie17\zadanie17.csproj", "{6671010F-570D-4C3A-85BA-5EFEA9C73274}"
EndProject
Project("{FAE04EC0-301F-11D3-BF4B-00C04F79EFBC}") = "zadanie18", "zadanie18\zadanie18.csproj", "{240E9D30-1E4F-4F48-B174-02FF8D07C650}"
EndProject
Project("{FAE04EC0-301F-11D3-BF4B-00C04F79EFBC}") = "zadanie19", "zadanie19\zadanie19.csproj", "{C6F4C88D-697B-4B46-A40C-AEB6640440FC}"
EndProject
Project("{FAE04EC0-301F-11D3-BF4B-00C04F79EFBC}") = "zadanie19.2", "zadanie19.2\zadanie19.2.csproj", "{4F2E6D48-A0A9-4013-ACE2-D00DCA5D2C01}"
EndProject
Project("{FAE04EC0-301F-11D3-BF4B-00C04F79EFBC}") = "zadanie19.3", "zadanie19.3\zadanie19.3.csproj", "{FF468339-0EB5-438B-AB25-404A0655F21E}"
EndProject
Project("{FAE04EC0-301F-11D3-BF4B-00C04F79EFBC}") = "zadanie20", "zadanie20\zadanie20.csproj", "{2717079F-B1BD-4B22-8F0B-6B6B4EF3539E}"
EndProject
Project("{FAE04EC0-301F-11D3-BF4B-00C04F79EFBC}") = "zadanie21", "zadanie21\zadanie21.csproj", "{68FCA88C-B767-4431-ACA1-EF44D9D38D7A}"
EndProject
Project("{FAE04EC0-301F-11D3-BF4B-00C04F79EFBC}") = "zadanie22", "zadanie22\zadanie22.csproj", "{4FA54914-02B8-41ED-BC38-CC5F9117468B}"
EndProject
Project("{FAE04EC0-301F-11D3-BF4B-00C04F79EFBC}") = "zadanie22.2", "zadanie22.2\zadanie22.2.csproj", "{DF269932-E12C-4A66-9F32-DDF4FFA534A7}"
EndProject
Project("{FAE04EC0-301F-11D3-BF4B-00C04F79EFBC}") = "zadanie22.3", "zadanie22.3\zadanie22.3.csproj", "{78DC6695-FD6B-4A41-9BB3-A23D8A9F6647}"
EndProject
Project("{FAE04EC0-301F-11D3-BF4B-00C04F79EFBC}") = "zadanie23", "zadanie23\zadanie23.csproj", "{223C6AB4-7001-44AC-B222-ADB89EE7E043}"
EndProject
Project("{FAE04EC0-301F-11D3-BF4B-00C04F79EFBC}") = "zadanie23.2", "zadanie23.2\zadanie23.2.csproj", "{0329EEA5-F238-45BF-8D02-F15F62313409}"
EndProject
Project("{FAE04EC0-301F-11D3-BF4B-00C04F79EFBC}") = "zadanie23.3", "zadanie23.3\zadanie23.3.csproj", "{C749CEDB-4EAF-4272-BF44-48283F022B07}"
EndProject
Global
	GlobalSection(SolutionConfigurationPlatforms) = preSolution
		Debug|Any CPU = Debug|Any CPU
		Release|Any CPU = Release|Any CPU
	EndGlobalSection
	GlobalSection(ProjectConfigurationPlatforms) = postSolution
		{CC2BF3A2-A8A1-4B8E-B231-78499977CF99}.Debug|Any CPU.ActiveCfg = Debug|Any CPU
		{CC2BF3A2-A8A1-4B8E-B231-78499977CF99}.Debug|Any CPU.Build.0 = Debug|Any CPU
		{CC2BF3A2-A8A1-4B8E-B231-78499977CF99}.Release|Any CPU.ActiveCfg = Release|Any CPU
		{CC2BF3A2-A8A1-4B8E-B231-78499977CF99}.Release|Any CPU.Build.0 = Release|Any CPU
		{7DBA22D9-FA73-4A4B-B433-006BD8EA0196}.Debug|Any CPU.ActiveCfg = Debug|Any CPU
		{7DBA22D9-FA73-4A4B-B433-006BD8EA0196}.Debug|Any CPU.Build.0 = Debug|Any CPU
		{7DBA22D9-FA73-4A4B-B433-006BD8EA0196}.Release|Any CPU.ActiveCfg = Release|Any CPU
		{7DBA22D9-FA73-4A4B-B433-006BD8EA0196}.Release|Any CPU.Build.0 = Release|Any CPU
		{55A723BF-0637-46FC-835F-5F5210B0E719}.Debug|Any CPU.ActiveCfg = Debug|Any CPU
		{55A723BF-0637-46FC-835F-5F5210B0E719}.Debug|Any CPU.Build.0 = Debug|Any CPU
		{55A723BF-0637-46FC-835F-5F5210B0E719}.Release|Any CPU.ActiveCfg = Release|Any CPU
		{55A723BF-0637-46FC-835F-5F5210B0E719}.Release|Any CPU.Build.0 = Release|Any CPU
		{A1793B01-73A4-4830-AE33-7AE81585D453}.Debug|Any CPU.ActiveCfg = Debug|Any CPU
		{A1793B01-73A4-4830-AE33-7AE81585D453}.Debug|Any CPU.Build.0 = Debug|Any CPU
		{A1793B01-73A4-4830-AE33-7AE81585D453}.Release|Any CPU.ActiveCfg = Release|Any CPU
		{A1793B01-73A4-4830-AE33-7AE81585D453}.Release|Any CPU.Build.0 = Release|Any CPU
		{558EA8B9-89F5-424B-BB7A-DBF2E5C7EF02}.Debug|Any CPU.ActiveCfg = Debug|Any CPU
		{558EA8B9-89F5-424B-BB7A-DBF2E5C7EF02}.Debug|Any CPU.Build.0 = Debug|Any CPU
		{558EA8B9-89F5-424B-BB7A-DBF2E5C7EF02}.Release|Any CPU.ActiveCfg = Release|Any CPU
		{558EA8B9-89F5-424B-BB7A-DBF2E5C7EF02}.Release|Any CPU.Build.0 = Release|Any CPU
		{FA4DDBE1-C90A-4855-BBCF-C872A4A3E117}.Debug|Any CPU.ActiveCfg = Debug|Any CPU
		{FA4DDBE1-C90A-4855-BBCF-C872A4A3E117}.Debug|Any CPU.Build.0 = Debug|Any CPU
		{FA4DDBE1-C90A-4855-BBCF-C872A4A3E117}.Release|Any CPU.ActiveCfg = Release|Any CPU
		{FA4DDBE1-C90A-4855-BBCF-C872A4A3E117}.Release|Any CPU.Build.0 = Release|Any CPU
		{35C5F514-A61B-4631-8AE6-BE033F74FFE5}.Debug|Any CPU.ActiveCfg = Debug|Any CPU
		{35C5F514-A61B-4631-8AE6-BE033F74FFE5}.Debug|Any CPU.Build.0 = Debug|Any CPU
		{35C5F514-A61B-4631-8AE6-BE033F74FFE5}.Release|Any CPU.ActiveCfg = Release|Any CPU
		{35C5F514-A61B-4631-8AE6-BE033F74FFE5}.Release|Any CPU.Build.0 = Release|Any CPU
		{50579540-7FA8-4654-AAC1-93EA8AC7B859}.Debug|Any CPU.ActiveCfg = Debug|Any CPU
		{50579540-7FA8-4654-AAC1-93EA8AC7B859}.Debug|Any CPU.Build.0 = Debug|Any CPU
		{50579540-7FA8-4654-AAC1-93EA8AC7B859}.Release|Any CPU.ActiveCfg = Release|Any CPU
		{50579540-7FA8-4654-AAC1-93EA8AC7B859}.Release|Any CPU.Build.0 = Release|Any CPU
		{3484678B-DDE2-478E-A33C-6F0674ED7E42}.Debug|Any CPU.ActiveCfg = Debug|Any CPU
		{3484678B-DDE2-478E-A33C-6F0674ED7E42}.Debug|Any CPU.Build.0 = Debug|Any CPU
		{3484678B-DDE2-478E-A33C-6F0674ED7E42}.Release|Any CPU.ActiveCfg = Release|Any CPU
		{3484678B-DDE2-478E-A33C-6F0674ED7E42}.Release|Any CPU.Build.0 = Release|Any CPU
		{87FC6FC1-2591-4BCA-AAB7-09085CE4A3DC}.Debug|Any CPU.ActiveCfg = Debug|Any CPU
		{87FC6FC1-2591-4BCA-AAB7-09085CE4A3DC}.Debug|Any CPU.Build.0 = Debug|Any CPU
		{87FC6FC1-2591-4BCA-AAB7-09085CE4A3DC}.Release|Any CPU.ActiveCfg = Release|Any CPU
		{87FC6FC1-2591-4BCA-AAB7-09085CE4A3DC}.Release|Any CPU.Build.0 = Release|Any CPU
		{F931D159-D174-4260-86C7-7B1C44EE678B}.Debug|Any CPU.ActiveCfg = Debug|Any CPU
		{F931D159-D174-4260-86C7-7B1C44EE678B}.Debug|Any CPU.Build.0 = Debug|Any CPU
		{F931D159-D174-4260-86C7-7B1C44EE678B}.Release|Any CPU.ActiveCfg = Release|Any CPU
		{F931D159-D174-4260-86C7-7B1C44EE678B}.Release|Any CPU.Build.0 = Release|Any CPU
		{19ED60FF-1778-46FE-8456-EC0D5BF5EC4B}.Debug|Any CPU.ActiveCfg = Debug|Any CPU
		{19ED60FF-1778-46FE-8456-EC0D5BF5EC4B}.Debug|Any CPU.Build.0 = Debug|Any CPU
		{19ED60FF-1778-46FE-8456-EC0D5BF5EC4B}.Release|Any CPU.ActiveCfg = Release|Any CPU
		{19ED60FF-1778-46FE-8456-EC0D5BF5EC4B}.Release|Any CPU.Build.0 = Release|Any CPU
		{633C3FA6-C6FA-4028-AD30-E5A41ACEC85F}.Debug|Any CPU.ActiveCfg = Debug|Any CPU
		{633C3FA6-C6FA-4028-AD30-E5A41ACEC85F}.Debug|Any CPU.Build.0 = Debug|Any CPU
		{633C3FA6-C6FA-4028-AD30-E5A41ACEC85F}.Release|Any CPU.ActiveCfg = Release|Any CPU
		{633C3FA6-C6FA-4028-AD30-E5A41ACEC85F}.Release|Any CPU.Build.0 = Release|Any CPU
		{2AB7775E-A2FA-4D82-B139-D53FB2983EC9}.Debug|Any CPU.ActiveCfg = Debug|Any CPU
		{2AB7775E-A2FA-4D82-B139-D53FB2983EC9}.Debug|Any CPU.Build.0 = Debug|Any CPU
		{2AB7775E-A2FA-4D82-B139-D53FB2983EC9}.Release|Any CPU.ActiveCfg = Release|Any CPU
		{2AB7775E-A2FA-4D82-B139-D53FB2983EC9}.Release|Any CPU.Build.0 = Release|Any CPU
		{237F460B-2654-4A4A-94F2-6C5CF79C42E8}.Debug|Any CPU.ActiveCfg = Debug|Any CPU
		{237F460B-2654-4A4A-94F2-6C5CF79C42E8}.Debug|Any CPU.Build.0 = Debug|Any CPU
		{237F460B-2654-4A4A-94F2-6C5CF79C42E8}.Release|Any CPU.ActiveCfg = Release|Any CPU
		{237F460B-2654-4A4A-94F2-6C5CF79C42E8}.Release|Any CPU.Build.0 = Release|Any CPU
		{223769F1-0B49-44A5-AEEE-3248CC204856}.Debug|Any CPU.ActiveCfg = Debug|Any CPU
		{223769F1-0B49-44A5-AEEE-3248CC204856}.Debug|Any CPU.Build.0 = Debug|Any CPU
		{223769F1-0B49-44A5-AEEE-3248CC204856}.Release|Any CPU.ActiveCfg = Release|Any CPU
		{223769F1-0B49-44A5-AEEE-3248CC204856}.Release|Any CPU.Build.0 = Release|Any CPU
		{28D9C4E6-239F-46B6-A3D0-E7439EE719FC}.Debug|Any CPU.ActiveCfg = Debug|Any CPU
		{28D9C4E6-239F-46B6-A3D0-E7439EE719FC}.Debug|Any CPU.Build.0 = Debug|Any CPU
		{28D9C4E6-239F-46B6-A3D0-E7439EE719FC}.Release|Any CPU.ActiveCfg = Release|Any CPU
		{28D9C4E6-239F-46B6-A3D0-E7439EE719FC}.Release|Any CPU.Build.0 = Release|Any CPU
		{FDFD1149-1235-448A-BB29-9544C57D1F4D}.Debug|Any CPU.ActiveCfg = Debug|Any CPU
		{FDFD1149-1235-448A-BB29-9544C57D1F4D}.Debug|Any CPU.Build.0 = Debug|Any CPU
		{FDFD1149-1235-448A-BB29-9544C57D1F4D}.Release|Any CPU.ActiveCfg = Release|Any CPU
		{FDFD1149-1235-448A-BB29-9544C57D1F4D}.Release|Any CPU.Build.0 = Release|Any CPU
		{7522C82B-D266-4186-8E3B-CC1CDD3AC4F6}.Debug|Any CPU.ActiveCfg = Debug|Any CPU
		{7522C82B-D266-4186-8E3B-CC1CDD3AC4F6}.Debug|Any CPU.Build.0 = Debug|Any CPU
		{7522C82B-D266-4186-8E3B-CC1CDD3AC4F6}.Release|Any CPU.ActiveCfg = Release|Any CPU
		{7522C82B-D266-4186-8E3B-CC1CDD3AC4F6}.Release|Any CPU.Build.0 = Release|Any CPU
		{DB7605AC-ED83-4E03-8425-99CCD9C01012}.Debug|Any CPU.ActiveCfg = Debug|Any CPU
		{DB7605AC-ED83-4E03-8425-99CCD9C01012}.Debug|Any CPU.Build.0 = Debug|Any CPU
		{DB7605AC-ED83-4E03-8425-99CCD9C01012}.Release|Any CPU.ActiveCfg = Release|Any CPU
		{DB7605AC-ED83-4E03-8425-99CCD9C01012}.Release|Any CPU.Build.0 = Release|Any CPU
		{F2CDA4C2-7C0A-44A0-8B4C-BFAF5E263EB3}.Debug|Any CPU.ActiveCfg = Debug|Any CPU
		{F2CDA4C2-7C0A-44A0-8B4C-BFAF5E263EB3}.Debug|Any CPU.Build.0 = Debug|Any CPU
		{F2CDA4C2-7C0A-44A0-8B4C-BFAF5E263EB3}.Release|Any CPU.ActiveCfg = Release|Any CPU
		{F2CDA4C2-7C0A-44A0-8B4C-BFAF5E263EB3}.Release|Any CPU.Build.0 = Release|Any CPU
		{EBFE382F-66BD-4E9D-9ECB-A402B62B2CF8}.Debug|Any CPU.ActiveCfg = Debug|Any CPU
		{EBFE382F-66BD-4E9D-9ECB-A402B62B2CF8}.Debug|Any CPU.Build.0 = Debug|Any CPU
		{EBFE382F-66BD-4E9D-9ECB-A402B62B2CF8}.Release|Any CPU.ActiveCfg = Release|Any CPU
		{EBFE382F-66BD-4E9D-9ECB-A402B62B2CF8}.Release|Any CPU.Build.0 = Release|Any CPU
		{003072E0-CE69-4AE4-A06F-306145A8599A}.Debug|Any CPU.ActiveCfg = Debug|Any CPU
		{003072E0-CE69-4AE4-A06F-306145A8599A}.Debug|Any CPU.Build.0 = Debug|Any CPU
		{003072E0-CE69-4AE4-A06F-306145A8599A}.Release|Any CPU.ActiveCfg = Release|Any CPU
		{003072E0-CE69-4AE4-A06F-306145A8599A}.Release|Any CPU.Build.0 = Release|Any CPU
		{B56C967F-02A9-4784-AE41-6A1FEFCE376C}.Debug|Any CPU.ActiveCfg = Debug|Any CPU
		{B56C967F-02A9-4784-AE41-6A1FEFCE376C}.Debug|Any CPU.Build.0 = Debug|Any CPU
		{B56C967F-02A9-4784-AE41-6A1FEFCE376C}.Release|Any CPU.ActiveCfg = Release|Any CPU
		{B56C967F-02A9-4784-AE41-6A1FEFCE376C}.Release|Any CPU.Build.0 = Release|Any CPU
		{DE518FEE-4312-44CE-A6C7-5E8D0630C3EE}.Debug|Any CPU.ActiveCfg = Debug|Any CPU
		{DE518FEE-4312-44CE-A6C7-5E8D0630C3EE}.Debug|Any CPU.Build.0 = Debug|Any CPU
		{DE518FEE-4312-44CE-A6C7-5E8D0630C3EE}.Release|Any CPU.ActiveCfg = Release|Any CPU
		{DE518FEE-4312-44CE-A6C7-5E8D0630C3EE}.Release|Any CPU.Build.0 = Release|Any CPU
		{7345FC02-B00D-4765-BFA5-5C47044D2219}.Debug|Any CPU.ActiveCfg = Debug|Any CPU
		{7345FC02-B00D-4765-BFA5-5C47044D2219}.Debug|Any CPU.Build.0 = Debug|Any CPU
		{7345FC02-B00D-4765-BFA5-5C47044D2219}.Release|Any CPU.ActiveCfg = Release|Any CPU
		{7345FC02-B00D-4765-BFA5-5C47044D2219}.Release|Any CPU.Build.0 = Release|Any CPU
		{CE8F3EC8-F442-4150-AAE6-8A1E41EF0971}.Debug|Any CPU.ActiveCfg = Debug|Any CPU
		{CE8F3EC8-F442-4150-AAE6-8A1E41EF0971}.Debug|Any CPU.Build.0 = Debug|Any CPU
		{CE8F3EC8-F442-4150-AAE6-8A1E41EF0971}.Release|Any CPU.ActiveCfg = Release|Any CPU
		{CE8F3EC8-F442-4150-AAE6-8A1E41EF0971}.Release|Any CPU.Build.0 = Release|Any CPU
		{3F05AA9E-BAF5-41FA-A421-7A49773B10C9}.Debug|Any CPU.ActiveCfg = Debug|Any CPU
		{3F05AA9E-BAF5-41FA-A421-7A49773B10C9}.Debug|Any CPU.Build.0 = Debug|Any CPU
		{3F05AA9E-BAF5-41FA-A421-7A49773B10C9}.Release|Any CPU.ActiveCfg = Release|Any CPU
		{3F05AA9E-BAF5-41FA-A421-7A49773B10C9}.Release|Any CPU.Build.0 = Release|Any CPU
		{DD6A165B-A00F-4724-A05B-8A9BC0CA18F8}.Debug|Any CPU.ActiveCfg = Debug|Any CPU
		{DD6A165B-A00F-4724-A05B-8A9BC0CA18F8}.Debug|Any CPU.Build.0 = Debug|Any CPU
		{DD6A165B-A00F-4724-A05B-8A9BC0CA18F8}.Release|Any CPU.ActiveCfg = Release|Any CPU
		{DD6A165B-A00F-4724-A05B-8A9BC0CA18F8}.Release|Any CPU.Build.0 = Release|Any CPU
		{672E7AFA-3CDB-4857-8E47-F2BDCDA445E2}.Debug|Any CPU.ActiveCfg = Debug|Any CPU
		{672E7AFA-3CDB-4857-8E47-F2BDCDA445E2}.Debug|Any CPU.Build.0 = Debug|Any CPU
		{672E7AFA-3CDB-4857-8E47-F2BDCDA445E2}.Release|Any CPU.ActiveCfg = Release|Any CPU
		{672E7AFA-3CDB-4857-8E47-F2BDCDA445E2}.Release|Any CPU.Build.0 = Release|Any CPU
		{C59DA6B9-3D08-4488-9175-87CB87916178}.Debug|Any CPU.ActiveCfg = Debug|Any CPU
		{C59DA6B9-3D08-4488-9175-87CB87916178}.Debug|Any CPU.Build.0 = Debug|Any CPU
		{C59DA6B9-3D08-4488-9175-87CB87916178}.Release|Any CPU.ActiveCfg = Release|Any CPU
		{C59DA6B9-3D08-4488-9175-87CB87916178}.Release|Any CPU.Build.0 = Release|Any CPU
		{5C218AF4-422F-4957-A858-9380F44B8F25}.Debug|Any CPU.ActiveCfg = Debug|Any CPU
		{5C218AF4-422F-4957-A858-9380F44B8F25}.Debug|Any CPU.Build.0 = Debug|Any CPU
		{5C218AF4-422F-4957-A858-9380F44B8F25}.Release|Any CPU.ActiveCfg = Release|Any CPU
		{5C218AF4-422F-4957-A858-9380F44B8F25}.Release|Any CPU.Build.0 = Release|Any CPU
		{6671010F-570D-4C3A-85BA-5EFEA9C73274}.Debug|Any CPU.ActiveCfg = Debug|Any CPU
		{6671010F-570D-4C3A-85BA-5EFEA9C73274}.Debug|Any CPU.Build.0 = Debug|Any CPU
		{6671010F-570D-4C3A-85BA-5EFEA9C73274}.Release|Any CPU.ActiveCfg = Release|Any CPU
		{6671010F-570D-4C3A-85BA-5EFEA9C73274}.Release|Any CPU.Build.0 = Release|Any CPU
		{240E9D30-1E4F-4F48-B174-02FF8D07C650}.Debug|Any CPU.ActiveCfg = Debug|Any CPU
		{240E9D30-1E4F-4F48-B174-02FF8D07C650}.Debug|Any CPU.Build.0 = Debug|Any CPU
		{240E9D30-1E4F-4F48-B174-02FF8D07C650}.Release|Any CPU.ActiveCfg = Release|Any CPU
		{240E9D30-1E4F-4F48-B174-02FF8D07C650}.Release|Any CPU.Build.0 = Release|Any CPU
		{C6F4C88D-697B-4B46-A40C-AEB6640440FC}.Debug|Any CPU.ActiveCfg = Debug|Any CPU
		{C6F4C88D-697B-4B46-A40C-AEB6640440FC}.Debug|Any CPU.Build.0 = Debug|Any CPU
		{C6F4C88D-697B-4B46-A40C-AEB6640440FC}.Release|Any CPU.ActiveCfg = Release|Any CPU
		{C6F4C88D-697B-4B46-A40C-AEB6640440FC}.Release|Any CPU.Build.0 = Release|Any CPU
		{4F2E6D48-A0A9-4013-ACE2-D00DCA5D2C01}.Debug|Any CPU.ActiveCfg = Debug|Any CPU
		{4F2E6D48-A0A9-4013-ACE2-D00DCA5D2C01}.Debug|Any CPU.Build.0 = Debug|Any CPU
		{4F2E6D48-A0A9-4013-ACE2-D00DCA5D2C01}.Release|Any CPU.ActiveCfg = Release|Any CPU
		{4F2E6D48-A0A9-4013-ACE2-D00DCA5D2C01}.Release|Any CPU.Build.0 = Release|Any CPU
		{FF468339-0EB5-438B-AB25-404A0655F21E}.Debug|Any CPU.ActiveCfg = Debug|Any CPU
		{FF468339-0EB5-438B-AB25-404A0655F21E}.Debug|Any CPU.Build.0 = Debug|Any CPU
		{FF468339-0EB5-438B-AB25-404A0655F21E}.Release|Any CPU.ActiveCfg = Release|Any CPU
		{FF468339-0EB5-438B-AB25-404A0655F21E}.Release|Any CPU.Build.0 = Release|Any CPU
		{2717079F-B1BD-4B22-8F0B-6B6B4EF3539E}.Debug|Any CPU.ActiveCfg = Debug|Any CPU
		{2717079F-B1BD-4B22-8F0B-6B6B4EF3539E}.Debug|Any CPU.Build.0 = Debug|Any CPU
		{2717079F-B1BD-4B22-8F0B-6B6B4EF3539E}.Release|Any CPU.ActiveCfg = Release|Any CPU
		{2717079F-B1BD-4B22-8F0B-6B6B4EF3539E}.Release|Any CPU.Build.0 = Release|Any CPU
		{68FCA88C-B767-4431-ACA1-EF44D9D38D7A}.Debug|Any CPU.ActiveCfg = Debug|Any CPU
		{68FCA88C-B767-4431-ACA1-EF44D9D38D7A}.Debug|Any CPU.Build.0 = Debug|Any CPU
		{68FCA88C-B767-4431-ACA1-EF44D9D38D7A}.Release|Any CPU.ActiveCfg = Release|Any CPU
		{68FCA88C-B767-4431-ACA1-EF44D9D38D7A}.Release|Any CPU.Build.0 = Release|Any CPU
		{4FA54914-02B8-41ED-BC38-CC5F9117468B}.Debug|Any CPU.ActiveCfg = Debug|Any CPU
		{4FA54914-02B8-41ED-BC38-CC5F9117468B}.Debug|Any CPU.Build.0 = Debug|Any CPU
		{4FA54914-02B8-41ED-BC38-CC5F9117468B}.Release|Any CPU.ActiveCfg = Release|Any CPU
		{4FA54914-02B8-41ED-BC38-CC5F9117468B}.Release|Any CPU.Build.0 = Release|Any CPU
		{DF269932-E12C-4A66-9F32-DDF4FFA534A7}.Debug|Any CPU.ActiveCfg = Debug|Any CPU
		{DF269932-E12C-4A66-9F32-DDF4FFA534A7}.Debug|Any CPU.Build.0 = Debug|Any CPU
		{DF269932-E12C-4A66-9F32-DDF4FFA534A7}.Release|Any CPU.ActiveCfg = Release|Any CPU
		{DF269932-E12C-4A66-9F32-DDF4FFA534A7}.Release|Any CPU.Build.0 = Release|Any CPU
		{78DC6695-FD6B-4A41-9BB3-A23D8A9F6647}.Debug|Any CPU.ActiveCfg = Debug|Any CPU
		{78DC6695-FD6B-4A41-9BB3-A23D8A9F6647}.Debug|Any CPU.Build.0 = Debug|Any CPU
		{78DC6695-FD6B-4A41-9BB3-A23D8A9F6647}.Release|Any CPU.ActiveCfg = Release|Any CPU
		{78DC6695-FD6B-4A41-9BB3-A23D8A9F6647}.Release|Any CPU.Build.0 = Release|Any CPU
		{223C6AB4-7001-44AC-B222-ADB89EE7E043}.Debug|Any CPU.ActiveCfg = Debug|Any CPU
		{223C6AB4-7001-44AC-B222-ADB89EE7E043}.Debug|Any CPU.Build.0 = Debug|Any CPU
		{223C6AB4-7001-44AC-B222-ADB89EE7E043}.Release|Any CPU.ActiveCfg = Release|Any CPU
		{223C6AB4-7001-44AC-B222-ADB89EE7E043}.Release|Any CPU.Build.0 = Release|Any CPU
		{0329EEA5-F238-45BF-8D02-F15F62313409}.Debug|Any CPU.ActiveCfg = Debug|Any CPU
		{0329EEA5-F238-45BF-8D02-F15F62313409}.Debug|Any CPU.Build.0 = Debug|Any CPU
		{0329EEA5-F238-45BF-8D02-F15F62313409}.Release|Any CPU.ActiveCfg = Release|Any CPU
		{0329EEA5-F238-45BF-8D02-F15F62313409}.Release|Any CPU.Build.0 = Release|Any CPU
		{C749CEDB-4EAF-4272-BF44-48283F022B07}.Debug|Any CPU.ActiveCfg = Debug|Any CPU
		{C749CEDB-4EAF-4272-BF44-48283F022B07}.Debug|Any CPU.Build.0 = Debug|Any CPU
		{C749CEDB-4EAF-4272-BF44-48283F022B07}.Release|Any CPU.ActiveCfg = Release|Any CPU
		{C749CEDB-4EAF-4272-BF44-48283F022B07}.Release|Any CPU.Build.0 = Release|Any CPU
	EndGlobalSection
	GlobalSection(SolutionProperties) = preSolution
		HideSolutionNode = FALSE
	EndGlobalSection
	GlobalSection(ExtensibilityGlobals) = postSolution
		SolutionGuid = {E89A2718-D162-43CF-BBDF-71E12034FD03}
	EndGlobalSection
EndGlobal
